
Microsoft Visual Studio Solution File, Format Version 12.00
# Visual Studio Version 17
VisualStudioVersion = 17.11.35222.181
MinimumVisualStudioVersion = 10.0.40219.1
Project("{FAE04EC0-301F-11D3-BF4B-00C04F79EFBC}") = "20241104", "20241104.csproj", "{C3C7E717-3610-45E5-B256-DA2BE3035DAF}"
EndProject
Global
	GlobalSection(SolutionConfigurationPlatforms) = preSolution
		Debug|Any CPU = Debug|Any CPU
		Release|Any CPU = Release|Any CPU
	EndGlobalSection
	GlobalSection(ProjectConfigurationPlatforms) = postSolution
		{C3C7E717-3610-45E5-B256-DA2BE3035DAF}.Debug|Any CPU.ActiveCfg = Debug|Any CPU
		{C3C7E717-3610-45E5-B256-DA2BE3035DAF}.Debug|Any CPU.Build.0 = Debug|Any CPU
		{C3C7E717-3610-45E5-B256-DA2BE3035DAF}.Release|Any CPU.ActiveCfg = Release|Any CPU
		{C3C7E717-3610-45E5-B256-DA2BE3035DAF}.Release|Any CPU.Build.0 = Release|Any CPU
	EndGlobalSection
	GlobalSection(SolutionProperties) = preSolution
		HideSolutionNode = FALSE
	EndGlobalSection
	GlobalSection(ExtensibilityGlobals) = postSolution
		SolutionGuid = {4DC679BC-323E-490D-ABE1-F73137291718}
	EndGlobalSection
EndGlobal
